
Microsoft Visual Studio Solution File, Format Version 12.00
# Visual Studio Version 16
VisualStudioVersion = 16.0.29911.84
MinimumVisualStudioVersion = 10.0.40219.1
Project("{FAE04EC0-301F-11D3-BF4B-00C04F79EFBC}") = "WebApplication4", "WebApplication4\WebApplication4.csproj", "{08738256-B86E-47E0-A112-47F725A0C655}"
EndProject
Global
	GlobalSection(SolutionConfigurationPlatforms) = preSolution
		Debug|Any CPU = Debug|Any CPU
		Release|Any CPU = Release|Any CPU
	EndGlobalSection
	GlobalSection(ProjectConfigurationPlatforms) = postSolution
		{08738256-B86E-47E0-A112-47F725A0C655}.Debug|Any CPU.ActiveCfg = Debug|Any CPU
		{08738256-B86E-47E0-A112-47F725A0C655}.Debug|Any CPU.Build.0 = Debug|Any CPU
		{08738256-B86E-47E0-A112-47F725A0C655}.Release|Any CPU.ActiveCfg = Release|Any CPU
		{08738256-B86E-47E0-A112-47F725A0C655}.Release|Any CPU.Build.0 = Release|Any CPU
	EndGlobalSection
	GlobalSection(SolutionProperties) = preSolution
		HideSolutionNode = FALSE
	EndGlobalSection
	GlobalSection(ExtensibilityGlobals) = postSolution
		SolutionGuid = {0FC4A2BF-FB67-4651-8525-7EAB94E5BCC0}
	EndGlobalSection
EndGlobal
